
Microsoft Visual Studio Solution File, Format Version 12.00
# Visual Studio Version 16
VisualStudioVersion = 16.0.31313.79
MinimumVisualStudioVersion = 10.0.40219.1
Project("{FAE04EC0-301F-11D3-BF4B-00C04F79EFBC}") = "App003SQLite.Android", "App003SQLite\App003SQLite.Android\App003SQLite.Android.csproj", "{77D88D85-0D47-44BE-8081-812453CDB7EC}"
EndProject
Project("{FAE04EC0-301F-11D3-BF4B-00C04F79EFBC}") = "App003SQLite.iOS", "App003SQLite\App003SQLite.iOS\App003SQLite.iOS.csproj", "{14372B17-8C5E-43ED-A6D5-737C1BE821E8}"
EndProject
Project("{FAE04EC0-301F-11D3-BF4B-00C04F79EFBC}") = "App003SQLite", "App003SQLite\App003SQLite\App003SQLite.csproj", "{E0CB8E22-68F0-4094-9FE4-DBBBBADE0919}"
EndProject
Global
	GlobalSection(SolutionConfigurationPlatforms) = preSolution
		Debug|Any CPU = Debug|Any CPU
		Debug|iPhone = Debug|iPhone
		Debug|iPhoneSimulator = Debug|iPhoneSimulator
		Release|Any CPU = Release|Any CPU
		Release|iPhone = Release|iPhone
		Release|iPhoneSimulator = Release|iPhoneSimulator
	EndGlobalSection
	GlobalSection(ProjectConfigurationPlatforms) = postSolution
		{77D88D85-0D47-44BE-8081-812453CDB7EC}.Debug|Any CPU.ActiveCfg = Debug|Any CPU
		{77D88D85-0D47-44BE-8081-812453CDB7EC}.Debug|Any CPU.Build.0 = Debug|Any CPU
		{77D88D85-0D47-44BE-8081-812453CDB7EC}.Debug|Any CPU.Deploy.0 = Debug|Any CPU
		{77D88D85-0D47-44BE-8081-812453CDB7EC}.Debug|iPhone.ActiveCfg = Debug|Any CPU
		{77D88D85-0D47-44BE-8081-812453CDB7EC}.Debug|iPhone.Build.0 = Debug|Any CPU
		{77D88D85-0D47-44BE-8081-812453CDB7EC}.Debug|iPhone.Deploy.0 = Debug|Any CPU
		{77D88D85-0D47-44BE-8081-812453CDB7EC}.Debug|iPhoneSimulator.ActiveCfg = Debug|Any CPU
		{77D88D85-0D47-44BE-8081-812453CDB7EC}.Debug|iPhoneSimulator.Build.0 = Debug|Any CPU
		{77D88D85-0D47-44BE-8081-812453CDB7EC}.Debug|iPhoneSimulator.Deploy.0 = Debug|Any CPU
		{77D88D85-0D47-44BE-8081-812453CDB7EC}.Release|Any CPU.ActiveCfg = Release|Any CPU
		{77D88D85-0D47-44BE-8081-812453CDB7EC}.Release|Any CPU.Build.0 = Release|Any CPU
		{77D88D85-0D47-44BE-8081-812453CDB7EC}.Release|Any CPU.Deploy.0 = Release|Any CPU
		{77D88D85-0D47-44BE-8081-812453CDB7EC}.Release|iPhone.ActiveCfg = Release|Any CPU
		{77D88D85-0D47-44BE-8081-812453CDB7EC}.Release|iPhone.Build.0 = Release|Any CPU
		{77D88D85-0D47-44BE-8081-812453CDB7EC}.Release|iPhone.Deploy.0 = Release|Any CPU
		{77D88D85-0D47-44BE-8081-812453CDB7EC}.Release|iPhoneSimulator.ActiveCfg = Release|Any CPU
		{77D88D85-0D47-44BE-8081-812453CDB7EC}.Release|iPhoneSimulator.Build.0 = Release|Any CPU
		{77D88D85-0D47-44BE-8081-812453CDB7EC}.Release|iPhoneSimulator.Deploy.0 = Release|Any CPU
		{14372B17-8C5E-43ED-A6D5-737C1BE821E8}.Debug|Any CPU.ActiveCfg = Debug|iPhone
		{14372B17-8C5E-43ED-A6D5-737C1BE821E8}.Debug|Any CPU.Build.0 = Debug|iPhone
		{14372B17-8C5E-43ED-A6D5-737C1BE821E8}.Debug|Any CPU.Deploy.0 = Debug|iPhone
		{14372B17-8C5E-43ED-A6D5-737C1BE821E8}.Debug|iPhone.ActiveCfg = Debug|iPhone
		{14372B17-8C5E-43ED-A6D5-737C1BE821E8}.Debug|iPhone.Build.0 = Debug|iPhone
		{14372B17-8C5E-43ED-A6D5-737C1BE821E8}.Debug|iPhone.Deploy.0 = Debug|iPhone
		{14372B17-8C5E-43ED-A6D5-737C1BE821E8}.Debug|iPhoneSimulator.ActiveCfg = Debug|iPhoneSimulator
		{14372B17-8C5E-43ED-A6D5-737C1BE821E8}.Debug|iPhoneSimulator.Build.0 = Debug|iPhoneSimulator
		{14372B17-8C5E-43ED-A6D5-737C1BE821E8}.Debug|iPhoneSimulator.Deploy.0 = Debug|iPhoneSimulator
		{14372B17-8C5E-43ED-A6D5-737C1BE821E8}.Release|Any CPU.ActiveCfg = Release|iPhoneSimulator
		{14372B17-8C5E-43ED-A6D5-737C1BE821E8}.Release|Any CPU.Build.0 = Release|iPhoneSimulator
		{14372B17-8C5E-43ED-A6D5-737C1BE821E8}.Release|Any CPU.Deploy.0 = Release|iPhoneSimulator
		{14372B17-8C5E-43ED-A6D5-737C1BE821E8}.Release|iPhone.ActiveCfg = Release|iPhone
		{14372B17-8C5E-43ED-A6D5-737C1BE821E8}.Release|iPhone.Build.0 = Release|iPhone
		{14372B17-8C5E-43ED-A6D5-737C1BE821E8}.Release|iPhone.Deploy.0 = Release|iPhone
		{14372B17-8C5E-43ED-A6D5-737C1BE821E8}.Release|iPhoneSimulator.ActiveCfg = Release|iPhoneSimulator
		{14372B17-8C5E-43ED-A6D5-737C1BE821E8}.Release|iPhoneSimulator.Build.0 = Release|iPhoneSimulator
		{14372B17-8C5E-43ED-A6D5-737C1BE821E8}.Release|iPhoneSimulator.Deploy.0 = Release|iPhoneSimulator
		{E0CB8E22-68F0-4094-9FE4-DBBBBADE0919}.Debug|Any CPU.ActiveCfg = Debug|Any CPU
		{E0CB8E22-68F0-4094-9FE4-DBBBBADE0919}.Debug|Any CPU.Build.0 = Debug|Any CPU
		{E0CB8E22-68F0-4094-9FE4-DBBBBADE0919}.Debug|Any CPU.Deploy.0 = Debug|Any CPU
		{E0CB8E22-68F0-4094-9FE4-DBBBBADE0919}.Debug|iPhone.ActiveCfg = Debug|Any CPU
		{E0CB8E22-68F0-4094-9FE4-DBBBBADE0919}.Debug|iPhone.Build.0 = Debug|Any CPU
		{E0CB8E22-68F0-4094-9FE4-DBBBBADE0919}.Debug|iPhone.Deploy.0 = Debug|Any CPU
		{E0CB8E22-68F0-4094-9FE4-DBBBBADE0919}.Debug|iPhoneSimulator.ActiveCfg = Debug|Any CPU
		{E0CB8E22-68F0-4094-9FE4-DBBBBADE0919}.Debug|iPhoneSimulator.Build.0 = Debug|Any CPU
		{E0CB8E22-68F0-4094-9FE4-DBBBBADE0919}.Debug|iPhoneSimulator.Deploy.0 = Debug|Any CPU
		{E0CB8E22-68F0-4094-9FE4-DBBBBADE0919}.Release|Any CPU.ActiveCfg = Release|Any CPU
		{E0CB8E22-68F0-4094-9FE4-DBBBBADE0919}.Release|Any CPU.Build.0 = Release|Any CPU
		{E0CB8E22-68F0-4094-9FE4-DBBBBADE0919}.Release|Any CPU.Deploy.0 = Release|Any CPU
		{E0CB8E22-68F0-4094-9FE4-DBBBBADE0919}.Release|iPhone.ActiveCfg = Release|Any CPU
		{E0CB8E22-68F0-4094-9FE4-DBBBBADE0919}.Release|iPhone.Build.0 = Release|Any CPU
		{E0CB8E22-68F0-4094-9FE4-DBBBBADE0919}.Release|iPhone.Deploy.0 = Release|Any CPU
		{E0CB8E22-68F0-4094-9FE4-DBBBBADE0919}.Release|iPhoneSimulator.ActiveCfg = Release|Any CPU
		{E0CB8E22-68F0-4094-9FE4-DBBBBADE0919}.Release|iPhoneSimulator.Build.0 = Release|Any CPU
		{E0CB8E22-68F0-4094-9FE4-DBBBBADE0919}.Release|iPhoneSimulator.Deploy.0 = Release|Any CPU
	EndGlobalSection
	GlobalSection(SolutionProperties) = preSolution
		HideSolutionNode = FALSE
	EndGlobalSection
	GlobalSection(ExtensibilityGlobals) = postSolution
		SolutionGuid = {C1479A7D-FC06-4722-AB42-32F9C531D651}
	EndGlobalSection
EndGlobal
